Microsoft Visual Studio Solution File, Format Version 12.00
# Visual Studio Version 17
VisualStudioVersion = 17.5.2.0
MinimumVisualStudioVersion = 10.0.40219.1
Project("{FAE04EC0-301F-11D3-BF4B-00C04F79EFBC}") = "IisManagerApi", "IisManagerApi\IisManagerApi.csproj", "{CA7A497C-366D-D5E4-BD6F-EE7CF7EFE424}"
EndProject
Project("{FAE04EC0-301F-11D3-BF4B-00C04F79EFBC}") = "IisManagerWeb", "IisManagerWeb\IisManagerWeb.csproj", "{C8C0E501-BAED-F92D-ACEC-A8DEF4B554F8}"
EndProject
Global
	GlobalSection(SolutionConfigurationPlatforms) = preSolution
		Debug|Any CPU = Debug|Any CPU
		Release|Any CPU = Release|Any CPU
	EndGlobalSection
	GlobalSection(ProjectConfigurationPlatforms) = postSolution
		{CA7A497C-366D-D5E4-BD6F-EE7CF7EFE424}.Debug|Any CPU.ActiveCfg = Debug|Any CPU
		{CA7A497C-366D-D5E4-BD6F-EE7CF7EFE424}.Debug|Any CPU.Build.0 = Debug|Any CPU
		{CA7A497C-366D-D5E4-BD6F-EE7CF7EFE424}.Release|Any CPU.ActiveCfg = Release|Any CPU
		{CA7A497C-366D-D5E4-BD6F-EE7CF7EFE424}.Release|Any CPU.Build.0 = Release|Any CPU
		{C8C0E501-BAED-F92D-ACEC-A8DEF4B554F8}.Debug|Any CPU.ActiveCfg = Debug|Any CPU
		{C8C0E501-BAED-F92D-ACEC-A8DEF4B554F8}.Debug|Any CPU.Build.0 = Debug|Any CPU
		{C8C0E501-BAED-F92D-ACEC-A8DEF4B554F8}.Release|Any CPU.ActiveCfg = Release|Any CPU
		{C8C0E501-BAED-F92D-ACEC-A8DEF4B554F8}.Release|Any CPU.Build.0 = Release|Any CPU
	EndGlobalSection
	GlobalSection(SolutionProperties) = preSolution
		HideSolutionNode = FALSE
	EndGlobalSection
	GlobalSection(ExtensibilityGlobals) = postSolution
		SolutionGuid = {D16702A7-5D8E-4778-A028-3F9773E16FEF}
	EndGlobalSection
EndGlobal
